// !$*UTF8*$!
{
	archiveVersion = 1;
	classes = {
	};
	objectVersion = 46;
	objects = {

/* Begin PBXBuildFile section */
		0701C03C1ABF3441008E75DA /* main.m in Sources */ = {isa = PBXBuildFile; fileRef = 0701C03B1ABF3441008E75DA /* main.m */; };
		0701C03F1ABF3441008E75DA /* AppDelegate.m in Sources */ = {isa = PBXBuildFile; fileRef = 0701C03E1ABF3441008E75DA /* AppDelegate.m */; };
		0701C0421ABF3441008E75DA /* MapVC.m in Sources */ = {isa = PBXBuildFile; fileRef = 0701C0411ABF3441008E75DA /* MapVC.m */; };
		0701C0451ABF3441008E75DA /* Main.storyboard in Resources */ = {isa = PBXBuildFile; fileRef = 0701C0431ABF3441008E75DA /* Main.storyboard */; };
		0701C04A1ABF3441008E75DA /* LaunchScreen.xib in Resources */ = {isa = PBXBuildFile; fileRef = 0701C0481ABF3441008E75DA /* LaunchScreen.xib */; };
		0701C0561ABF3441008E75DA /* BevoMapsTests.m in Sources */ = {isa = PBXBuildFile; fileRef = 0701C0551ABF3441008E75DA /* BevoMapsTests.m */; };
		071E7C901AE76BD300DBF31A /* Images.xcassets in Resources */ = {isa = PBXBuildFile; fileRef = 071E7C8F1AE76BD300DBF31A /* Images.xcassets */; };
		0732F2F41AD881E60004760A /* Bolts.framework in Frameworks */ = {isa = PBXBuildFile; fileRef = 0732F2F21AD881E60004760A /* Bolts.framework */; };
		0732F2F51AD881E60004760A /* Parse.framework in Frameworks */ = {isa = PBXBuildFile; fileRef = 0732F2F31AD881E60004760A /* Parse.framework */; };
		0732F2F81AD9030E0004760A /* ImageTasks.m in Sources */ = {isa = PBXBuildFile; fileRef = 0732F2F71AD9030E0004760A /* ImageTasks.m */; };
		07A639E71AD87C8B0080088C /* CacheLayer.m in Sources */ = {isa = PBXBuildFile; fileRef = 07A639E61AD87C8B0080088C /* CacheLayer.m */; };
		07A639EA1AD87FA00080088C /* CFNetwork.framework in Frameworks */ = {isa = PBXBuildFile; fileRef = A48017F41AC1F01800D0FC09 /* CFNetwork.framework */; };
		07A639EC1AD87FB00080088C /* CoreGraphics.framework in Frameworks */ = {isa = PBXBuildFile; fileRef = 07A639EB1AD87FB00080088C /* CoreGraphics.framework */; };
		07A639EE1AD87FBB0080088C /* CoreLocation.framework in Frameworks */ = {isa = PBXBuildFile; fileRef = 07A639ED1AD87FBB0080088C /* CoreLocation.framework */; };
		07A639F01AD87FCA0080088C /* QuartzCore.framework in Frameworks */ = {isa = PBXBuildFile; fileRef = 07A639EF1AD87FCA0080088C /* QuartzCore.framework */; };
		07A639F21AD87FD30080088C /* Security.framework in Frameworks */ = {isa = PBXBuildFile; fileRef = 07A639F11AD87FD30080088C /* Security.framework */; };
		07A639F41AD87FE00080088C /* StoreKit.framework in Frameworks */ = {isa = PBXBuildFile; fileRef = 07A639F31AD87FE00080088C /* StoreKit.framework */; };
		07A639F61AD87FE90080088C /* libz.dylib in Frameworks */ = {isa = PBXBuildFile; fileRef = 07A639F51AD87FE90080088C /* libz.dylib */; };
		07B008A41ADAEE9700AD78A8 /* BuildingVC.m in Sources */ = {isa = PBXBuildFile; fileRef = 07B008A31ADAEE9700AD78A8 /* BuildingVC.m */; };
		07CE3F2D1ADAE7970079FD1C /* SearchLayer.m in Sources */ = {isa = PBXBuildFile; fileRef = 07CE3F2C1ADAE7970079FD1C /* SearchLayer.m */; };
		07DBE8791ADA234300909382 /* MapHelper.m in Sources */ = {isa = PBXBuildFile; fileRef = 07DBE8781ADA234300909382 /* MapHelper.m */; };
		A428B0EE1AC217F900DDEE95 /* DataLayer.m in Sources */ = {isa = PBXBuildFile; fileRef = A428B0ED1AC217F900DDEE95 /* DataLayer.m */; };
		A48017E91AC1CB9700D0FC09 /* BuildingJSON.m in Sources */ = {isa = PBXBuildFile; fileRef = A48017E81AC1CB9700D0FC09 /* BuildingJSON.m */; };
		A48017EB1AC1D69D00D0FC09 /* libsqlite3.0.dylib in Frameworks */ = {isa = PBXBuildFile; fileRef = A48017EA1AC1D69D00D0FC09 /* libsqlite3.0.dylib */; };
		A48017F31AC1E53E00D0FC09 /* AudioToolbox.framework in Frameworks */ = {isa = PBXBuildFile; fileRef = A48017F21AC1E53E00D0FC09 /* AudioToolbox.framework */; };
		A48017F71AC1F09700D0FC09 /* SystemConfiguration.framework in Frameworks */ = {isa = PBXBuildFile; fileRef = A48017F61AC1F09700D0FC09 /* SystemConfiguration.framework */; };
		A48017F91AC1F0C000D0FC09 /* MobileCoreServices.framework in Frameworks */ = {isa = PBXBuildFile; fileRef = A48017F81AC1F0C000D0FC09 /* MobileCoreServices.framework */; };
		A4D307C31AD742B000EE65DE /* MapKit.framework in Frameworks */ = {isa = PBXBuildFile; fileRef = A4D307C21AD742B000EE65DE /* MapKit.framework */; };
/* End PBXBuildFile section */

/* Begin PBXContainerItemProxy section */
		0701C0501ABF3441008E75DA /* PBXContainerItemProxy */ = {
			isa = PBXContainerItemProxy;
			containerPortal = 0701C02E1ABF3441008E75DA /* Project object */;
			proxyType = 1;
			remoteGlobalIDString = 0701C0351ABF3441008E75DA;
			remoteInfo = BevoMaps;
		};
/* End PBXContainerItemProxy section */

/* Begin PBXFileReference section */
		0701C0361ABF3441008E75DA /* BevoMaps.app */ = {isa = PBXFileReference; explicitFileType = wrapper.application; includeInIndex = 0; path = BevoMaps.app; sourceTree = BUILT_PRODUCTS_DIR; };
		0701C03A1ABF3441008E75DA /* Info.plist */ = {isa = PBXFileReference; lastKnownFileType = text.plist.xml; path = Info.plist; sourceTree = "<group>"; };
		0701C03B1ABF3441008E75DA /* main.m */ = {isa = PBXFileReference; lastKnownFileType = sourcecode.c.objc; path = main.m; sourceTree = "<group>"; };
		0701C03D1ABF3441008E75DA /* AppDelegate.h */ = {isa = PBXFileReference; lastKnownFileType = sourcecode.c.h; path = AppDelegate.h; sourceTree = "<group>"; };
		0701C03E1ABF3441008E75DA /* AppDelegate.m */ = {isa = PBXFileReference; lastKnownFileType = sourcecode.c.objc; path = AppDelegate.m; sourceTree = "<group>"; };
		0701C0401ABF3441008E75DA /* MapVC.h */ = {isa = PBXFileReference; lastKnownFileType = sourcecode.c.h; path = MapVC.h; sourceTree = "<group>"; };
		0701C0411ABF3441008E75DA /* MapVC.m */ = {isa = PBXFileReference; lastKnownFileType = sourcecode.c.objc; path = MapVC.m; sourceTree = "<group>"; };
		0701C0441ABF3441008E75DA /* Base */ = {isa = PBXFileReference; lastKnownFileType = file.storyboard; name = Base; path = Base.lproj/Main.storyboard; sourceTree = "<group>"; };
		0701C0491ABF3441008E75DA /* Base */ = {isa = PBXFileReference; lastKnownFileType = file.xib; name = Base; path = Base.lproj/LaunchScreen.xib; sourceTree = "<group>"; };
		0701C04F1ABF3441008E75DA /* BevoMapsTests.xctest */ = {isa = PBXFileReference; explicitFileType = wrapper.cfbundle; includeInIndex = 0; path = BevoMapsTests.xctest; sourceTree = BUILT_PRODUCTS_DIR; };
		0701C0541ABF3441008E75DA /* Info.plist */ = {isa = PBXFileReference; lastKnownFileType = text.plist.xml; path = Info.plist; sourceTree = "<group>"; };
		0701C0551ABF3441008E75DA /* BevoMapsTests.m */ = {isa = PBXFileReference; lastKnownFileType = sourcecode.c.objc; path = BevoMapsTests.m; sourceTree = "<group>"; };
		071E7C8F1AE76BD300DBF31A /* Images.xcassets */ = {isa = PBXFileReference; lastKnownFileType = folder.assetcatalog; path = Images.xcassets; sourceTree = "<group>"; };
		0732F2F21AD881E60004760A /* Bolts.framework */ = {isa = PBXFileReference; lastKnownFileType = wrapper.framework; path = Bolts.framework; sourceTree = "<group>"; };
		0732F2F31AD881E60004760A /* Parse.framework */ = {isa = PBXFileReference; lastKnownFileType = wrapper.framework; path = Parse.framework; sourceTree = "<group>"; };
		0732F2F61AD902FB0004760A /* ImageTasks.h */ = {isa = PBXFileReference; fileEncoding = 4; lastKnownFileType = sourcecode.c.h; path = ImageTasks.h; sourceTree = "<group>"; };
		0732F2F71AD9030E0004760A /* ImageTasks.m */ = {isa = PBXFileReference; fileEncoding = 4; lastKnownFileType = sourcecode.c.objc; path = ImageTasks.m; sourceTree = "<group>"; };
		07A639E51AD87C8B0080088C /* CacheLayer.h */ = {isa = PBXFileReference; fileEncoding = 4; lastKnownFileType = sourcecode.c.h; path = CacheLayer.h; sourceTree = "<group>"; };
		07A639E61AD87C8B0080088C /* CacheLayer.m */ = {isa = PBXFileReference; fileEncoding = 4; lastKnownFileType = sourcecode.c.objc; path = CacheLayer.m; sourceTree = "<group>"; };
		07A639EB1AD87FB00080088C /* CoreGraphics.framework */ = {isa = PBXFileReference; lastKnownFileType = wrapper.framework; name = CoreGraphics.framework; path = System/Library/Frameworks/CoreGraphics.framework; sourceTree = SDKROOT; };
		07A639ED1AD87FBB0080088C /* CoreLocation.framework */ = {isa = PBXFileReference; lastKnownFileType = wrapper.framework; name = CoreLocation.framework; path = System/Library/Frameworks/CoreLocation.framework; sourceTree = SDKROOT; };
		07A639EF1AD87FCA0080088C /* QuartzCore.framework */ = {isa = PBXFileReference; lastKnownFileType = wrapper.framework; name = QuartzCore.framework; path = System/Library/Frameworks/QuartzCore.framework; sourceTree = SDKROOT; };
		07A639F11AD87FD30080088C /* Security.framework */ = {isa = PBXFileReference; lastKnownFileType = wrapper.framework; name = Security.framework; path = System/Library/Frameworks/Security.framework; sourceTree = SDKROOT; };
		07A639F31AD87FE00080088C /* StoreKit.framework */ = {isa = PBXFileReference; lastKnownFileType = wrapper.framework; name = StoreKit.framework; path = System/Library/Frameworks/StoreKit.framework; sourceTree = SDKROOT; };
		07A639F51AD87FE90080088C /* libz.dylib */ = {isa = PBXFileReference; lastKnownFileType = "compiled.mach-o.dylib"; name = libz.dylib; path = usr/lib/libz.dylib; sourceTree = SDKROOT; };
		07B008A21ADAEE9700AD78A8 /* BuildingVC.h */ = {isa = PBXFileReference; fileEncoding = 4; lastKnownFileType = sourcecode.c.h; path = BuildingVC.h; sourceTree = "<group>"; };
		07B008A31ADAEE9700AD78A8 /* BuildingVC.m */ = {isa = PBXFileReference; fileEncoding = 4; lastKnownFileType = sourcecode.c.objc; path = BuildingVC.m; sourceTree = "<group>"; };
		07CE3F2B1ADAE7970079FD1C /* SearchLayer.h */ = {isa = PBXFileReference; fileEncoding = 4; lastKnownFileType = sourcecode.c.h; path = SearchLayer.h; sourceTree = "<group>"; };
		07CE3F2C1ADAE7970079FD1C /* SearchLayer.m */ = {isa = PBXFileReference; fileEncoding = 4; lastKnownFileType = sourcecode.c.objc; path = SearchLayer.m; sourceTree = "<group>"; };
		07DBE8771ADA233100909382 /* MapHelper.h */ = {isa = PBXFileReference; fileEncoding = 4; lastKnownFileType = sourcecode.c.h; path = MapHelper.h; sourceTree = "<group>"; };
		07DBE8781ADA234300909382 /* MapHelper.m */ = {isa = PBXFileReference; fileEncoding = 4; lastKnownFileType = sourcecode.c.objc; path = MapHelper.m; sourceTree = "<group>"; };
		A428B0EC1AC217F900DDEE95 /* DataLayer.h */ = {isa = PBXFileReference; fileEncoding = 4; lastKnownFileType = sourcecode.c.h; path = DataLayer.h; sourceTree = "<group>"; };
		A428B0ED1AC217F900DDEE95 /* DataLayer.m */ = {isa = PBXFileReference; fileEncoding = 4; lastKnownFileType = sourcecode.c.objc; path = DataLayer.m; sourceTree = "<group>"; };
		A48017E71AC1CB9700D0FC09 /* BuildingJSON.h */ = {isa = PBXFileReference; fileEncoding = 4; lastKnownFileType = sourcecode.c.h; path = BuildingJSON.h; sourceTree = "<group>"; };
		A48017E81AC1CB9700D0FC09 /* BuildingJSON.m */ = {isa = PBXFileReference; fileEncoding = 4; lastKnownFileType = sourcecode.c.objc; path = BuildingJSON.m; sourceTree = "<group>"; };
		A48017EA1AC1D69D00D0FC09 /* libsqlite3.0.dylib */ = {isa = PBXFileReference; lastKnownFileType = "compiled.mach-o.dylib"; path = libsqlite3.0.dylib; sourceTree = "<group>"; };
		A48017F21AC1E53E00D0FC09 /* AudioToolbox.framework */ = {isa = PBXFileReference; lastKnownFileType = wrapper.framework; name = AudioToolbox.framework; path = System/Library/Frameworks/AudioToolbox.framework; sourceTree = SDKROOT; };
		A48017F41AC1F01800D0FC09 /* CFNetwork.framework */ = {isa = PBXFileReference; lastKnownFileType = wrapper.framework; name = CFNetwork.framework; path = System/Library/Frameworks/CFNetwork.framework; sourceTree = SDKROOT; };
		A48017F61AC1F09700D0FC09 /* SystemConfiguration.framework */ = {isa = PBXFileReference; lastKnownFileType = wrapper.framework; name = SystemConfiguration.framework; path = System/Library/Frameworks/SystemConfiguration.framework; sourceTree = SDKROOT; };
		A48017F81AC1F0C000D0FC09 /* MobileCoreServices.framework */ = {isa = PBXFileReference; lastKnownFileType = wrapper.framework; name = MobileCoreServices.framework; path = System/Library/Frameworks/MobileCoreServices.framework; sourceTree = SDKROOT; };
		A4D307C21AD742B000EE65DE /* MapKit.framework */ = {isa = PBXFileReference; lastKnownFileType = wrapper.framework; name = MapKit.framework; path = System/Library/Frameworks/MapKit.framework; sourceTree = SDKROOT; };
/* End PBXFileReference section */

/* Begin PBXFrameworksBuildPhase section */
		0701C0331ABF3441008E75DA /* Frameworks */ = {
			isa = PBXFrameworksBuildPhase;
			buildActionMask = 2147483647;
			files = (
				0732F2F41AD881E60004760A /* Bolts.framework in Frameworks */,
				0732F2F51AD881E60004760A /* Parse.framework in Frameworks */,
				07A639F61AD87FE90080088C /* libz.dylib in Frameworks */,
				07A639F41AD87FE00080088C /* StoreKit.framework in Frameworks */,
				07A639F21AD87FD30080088C /* Security.framework in Frameworks */,
				07A639F01AD87FCA0080088C /* QuartzCore.framework in Frameworks */,
				07A639EE1AD87FBB0080088C /* CoreLocation.framework in Frameworks */,
				07A639EC1AD87FB00080088C /* CoreGraphics.framework in Frameworks */,
				07A639EA1AD87FA00080088C /* CFNetwork.framework in Frameworks */,
				A4D307C31AD742B000EE65DE /* MapKit.framework in Frameworks */,
				A48017F91AC1F0C000D0FC09 /* MobileCoreServices.framework in Frameworks */,
				A48017F71AC1F09700D0FC09 /* SystemConfiguration.framework in Frameworks */,
				A48017F31AC1E53E00D0FC09 /* AudioToolbox.framework in Frameworks */,
				A48017EB1AC1D69D00D0FC09 /* libsqlite3.0.dylib in Frameworks */,
			);
			runOnlyForDeploymentPostprocessing = 0;
		};
		0701C04C1ABF3441008E75DA /* Frameworks */ = {
			isa = PBXFrameworksBuildPhase;
			buildActionMask = 2147483647;
			files = (
			);
			runOnlyForDeploymentPostprocessing = 0;
		};
/* End PBXFrameworksBuildPhase section */

/* Begin PBXGroup section */
		0701C02D1ABF3441008E75DA = {
			isa = PBXGroup;
			children = (
				0701C0381ABF3441008E75DA /* BevoMaps */,
				0701C0521ABF3441008E75DA /* BevoMapsTests */,
				0701C0371ABF3441008E75DA /* Products */,
				A48017DB1AC1C8E700D0FC09 /* Frameworks */,
			);
			sourceTree = "<group>";
		};
		0701C0371ABF3441008E75DA /* Products */ = {
			isa = PBXGroup;
			children = (
				0701C0361ABF3441008E75DA /* BevoMaps.app */,
				0701C04F1ABF3441008E75DA /* BevoMapsTests.xctest */,
			);
			name = Products;
			sourceTree = "<group>";
		};
		0701C0381ABF3441008E75DA /* BevoMaps */ = {
			isa = PBXGroup;
			children = (
				07CE3F2A1ADAE6AC0079FD1C /* SearchLayer */,
				07A639E11AD87C550080088C /* CacheLayer */,
				A428B0EF1AC221B300DDEE95 /* DataLayer */,
				0701C0401ABF3441008E75DA /* MapVC.h */,
				0701C0411ABF3441008E75DA /* MapVC.m */,
				07DBE8771ADA233100909382 /* MapHelper.h */,
				07DBE8781ADA234300909382 /* MapHelper.m */,
				07B008A21ADAEE9700AD78A8 /* BuildingVC.h */,
				07B008A31ADAEE9700AD78A8 /* BuildingVC.m */,
				0701C0431ABF3441008E75DA /* Main.storyboard */,
				071E7C8F1AE76BD300DBF31A /* Images.xcassets */,
				0701C0481ABF3441008E75DA /* LaunchScreen.xib */,
				0701C0391ABF3441008E75DA /* Supporting Files */,
			);
			path = BevoMaps;
			sourceTree = "<group>";
		};
		0701C0391ABF3441008E75DA /* Supporting Files */ = {
			isa = PBXGroup;
			children = (
				0701C03E1ABF3441008E75DA /* AppDelegate.m */,
				0701C03D1ABF3441008E75DA /* AppDelegate.h */,
				0701C03A1ABF3441008E75DA /* Info.plist */,
				0701C03B1ABF3441008E75DA /* main.m */,
			);
			name = "Supporting Files";
			sourceTree = "<group>";
		};
		0701C0521ABF3441008E75DA /* BevoMapsTests */ = {
			isa = PBXGroup;
			children = (
				0701C0551ABF3441008E75DA /* BevoMapsTests.m */,
				0701C0531ABF3441008E75DA /* Supporting Files */,
			);
			path = BevoMapsTests;
			sourceTree = "<group>";
		};
		0701C0531ABF3441008E75DA /* Supporting Files */ = {
			isa = PBXGroup;
			children = (
				0701C0541ABF3441008E75DA /* Info.plist */,
			);
			name = "Supporting Files";
			sourceTree = "<group>";
		};
		07A639E11AD87C550080088C /* CacheLayer */ = {
			isa = PBXGroup;
			children = (
				07A639E51AD87C8B0080088C /* CacheLayer.h */,
				07A639E61AD87C8B0080088C /* CacheLayer.m */,
				0732F2F61AD902FB0004760A /* ImageTasks.h */,
				0732F2F71AD9030E0004760A /* ImageTasks.m */,
			);
			name = CacheLayer;
			sourceTree = "<group>";
		};
		07CE3F2A1ADAE6AC0079FD1C /* SearchLayer */ = {
			isa = PBXGroup;
			children = (
				07CE3F2B1ADAE7970079FD1C /* SearchLayer.h */,
				07CE3F2C1ADAE7970079FD1C /* SearchLayer.m */,
			);
			name = SearchLayer;
			sourceTree = "<group>";
		};
		A428B0EF1AC221B300DDEE95 /* DataLayer */ = {
			isa = PBXGroup;
			children = (
				A48017E81AC1CB9700D0FC09 /* BuildingJSON.m */,
				A48017E71AC1CB9700D0FC09 /* BuildingJSON.h */,
				A428B0EC1AC217F900DDEE95 /* DataLayer.h */,
				A428B0ED1AC217F900DDEE95 /* DataLayer.m */,
			);
			name = DataLayer;
			sourceTree = "<group>";
		};
		A48017DB1AC1C8E700D0FC09 /* Frameworks */ = {
			isa = PBXGroup;
			children = (
				0732F2F21AD881E60004760A /* Bolts.framework */,
				0732F2F31AD881E60004760A /* Parse.framework */,
				07A639F51AD87FE90080088C /* libz.dylib */,
				07A639F31AD87FE00080088C /* StoreKit.framework */,
				07A639F11AD87FD30080088C /* Security.framework */,
				07A639EF1AD87FCA0080088C /* QuartzCore.framework */,
				07A639ED1AD87FBB0080088C /* CoreLocation.framework */,
				07A639EB1AD87FB00080088C /* CoreGraphics.framework */,
				A4D307C21AD742B000EE65DE /* MapKit.framework */,
				A48017F81AC1F0C000D0FC09 /* MobileCoreServices.framework */,
				A48017F61AC1F09700D0FC09 /* SystemConfiguration.framework */,
				A48017F41AC1F01800D0FC09 /* CFNetwork.framework */,
				A48017F21AC1E53E00D0FC09 /* AudioToolbox.framework */,
				A48017EA1AC1D69D00D0FC09 /* libsqlite3.0.dylib */,
			);
			name = Frameworks;
			sourceTree = "<group>";
		};
/* End PBXGroup section */

/* Begin PBXNativeTarget section */
		0701C0351ABF3441008E75DA /* BevoMaps */ = {
			isa = PBXNativeTarget;
			buildConfigurationList = 0701C0591ABF3441008E75DA /* Build configuration list for PBXNativeTarget "BevoMaps" */;
			buildPhases = (
				0701C0321ABF3441008E75DA /* Sources */,
				0701C0331ABF3441008E75DA /* Frameworks */,
				0701C0341ABF3441008E75DA /* Resources */,
			);
			buildRules = (
			);
			dependencies = (
			);
			name = BevoMaps;
			productName = BevoMaps;
			productReference = 0701C0361ABF3441008E75DA /* BevoMaps.app */;
			productType = "com.apple.product-type.application";
		};
		0701C04E1ABF3441008E75DA /* BevoMapsTests */ = {
			isa = PBXNativeTarget;
			buildConfigurationList = 0701C05C1ABF3441008E75DA /* Build configuration list for PBXNativeTarget "BevoMapsTests" */;
			buildPhases = (
				0701C04B1ABF3441008E75DA /* Sources */,
				0701C04C1ABF3441008E75DA /* Frameworks */,
				0701C04D1ABF3441008E75DA /* Resources */,
			);
			buildRules = (
			);
			dependencies = (
				0701C0511ABF3441008E75DA /* PBXTargetDependency */,
			);
			name = BevoMapsTests;
			productName = BevoMapsTests;
			productReference = 0701C04F1ABF3441008E75DA /* BevoMapsTests.xctest */;
			productType = "com.apple.product-type.bundle.unit-test";
		};
/* End PBXNativeTarget section */

/* Begin PBXProject section */
		0701C02E1ABF3441008E75DA /* Project object */ = {
			isa = PBXProject;
			attributes = {
				LastUpgradeCheck = 0620;
				ORGANIZATIONNAME = BevoMaps;
				TargetAttributes = {
					0701C0351ABF3441008E75DA = {
						CreatedOnToolsVersion = 6.2;
					};
					0701C04E1ABF3441008E75DA = {
						CreatedOnToolsVersion = 6.2;
						TestTargetID = 0701C0351ABF3441008E75DA;
					};
				};
			};
			buildConfigurationList = 0701C0311ABF3441008E75DA /* Build configuration list for PBXProject "BevoMaps" */;
			compatibilityVersion = "Xcode 3.2";
			developmentRegion = English;
			hasScannedForEncodings = 0;
			knownRegions = (
				en,
				Base,
			);
			mainGroup = 0701C02D1ABF3441008E75DA;
			productRefGroup = 0701C0371ABF3441008E75DA /* Products */;
			projectDirPath = "";
			projectRoot = "";
			targets = (
				0701C0351ABF3441008E75DA /* BevoMaps */,
				0701C04E1ABF3441008E75DA /* BevoMapsTests */,
			);
		};
/* End PBXProject section */

/* Begin PBXResourcesBuildPhase section */
		0701C0341ABF3441008E75DA /* Resources */ = {
			isa = PBXResourcesBuildPhase;
			buildActionMask = 2147483647;
			files = (
				071E7C901AE76BD300DBF31A /* Images.xcassets in Resources */,
				0701C0451ABF3441008E75DA /* Main.storyboard in Resources */,
				0701C04A1ABF3441008E75DA /* LaunchScreen.xib in Resources */,
			);
			runOnlyForDeploymentPostprocessing = 0;
		};
		0701C04D1ABF3441008E75DA /* Resources */ = {
			isa = PBXResourcesBuildPhase;
			buildActionMask = 2147483647;
			files = (
			);
			runOnlyForDeploymentPostprocessing = 0;
		};
/* End PBXResourcesBuildPhase section */

/* Begin PBXSourcesBuildPhase section */
		0701C0321ABF3441008E75DA /* Sources */ = {
			isa = PBXSourcesBuildPhase;
			buildActionMask = 2147483647;
			files = (
				0732F2F81AD9030E0004760A /* ImageTasks.m in Sources */,
				0701C0421ABF3441008E75DA /* MapVC.m in Sources */,
				A48017E91AC1CB9700D0FC09 /* BuildingJSON.m in Sources */,
				07A639E71AD87C8B0080088C /* CacheLayer.m in Sources */,
				07B008A41ADAEE9700AD78A8 /* BuildingVC.m in Sources */,
				07DBE8791ADA234300909382 /* MapHelper.m in Sources */,
				07CE3F2D1ADAE7970079FD1C /* SearchLayer.m in Sources */,
				A428B0EE1AC217F900DDEE95 /* DataLayer.m in Sources */,
				0701C03F1ABF3441008E75DA /* AppDelegate.m in Sources */,
				0701C03C1ABF3441008E75DA /* main.m in Sources */,
			);
			runOnlyForDeploymentPostprocessing = 0;
		};
		0701C04B1ABF3441008E75DA /* Sources */ = {
			isa = PBXSourcesBuildPhase;
			buildActionMask = 2147483647;
			files = (
				0701C0561ABF3441008E75DA /* BevoMapsTests.m in Sources */,
			);
			runOnlyForDeploymentPostprocessing = 0;
		};
/* End PBXSourcesBuildPhase section */

/* Begin PBXTargetDependency section */
		0701C0511ABF3441008E75DA /* PBXTargetDependency */ = {
			isa = PBXTargetDependency;
			target = 0701C0351ABF3441008E75DA /* BevoMaps */;
			targetProxy = 0701C0501ABF3441008E75DA /* PBXContainerItemProxy */;
		};
/* End PBXTargetDependency section */

/* Begin PBXVariantGroup section */
		0701C0431ABF3441008E75DA /* Main.storyboard */ = {
			isa = PBXVariantGroup;
			children = (
				0701C0441ABF3441008E75DA /* Base */,
			);
			name = Main.storyboard;
			sourceTree = "<group>";
		};
		0701C0481ABF3441008E75DA /* LaunchScreen.xib */ = {
			isa = PBXVariantGroup;
			children = (
				0701C0491ABF3441008E75DA /* Base */,
			);
			name = LaunchScreen.xib;
			sourceTree = "<group>";
		};
/* End PBXVariantGroup section */

/* Begin XCBuildConfiguration section */
		0701C0571ABF3441008E75DA /* Debug */ = {
			isa = XCBuildConfiguration;
			buildSettings = {
				ALWAYS_SEARCH_USER_PATHS = NO;
				CLANG_CXX_LANGUAGE_STANDARD = "gnu++0x";
				CLANG_CXX_LIBRARY = "libc++";
				CLANG_ENABLE_MODULES = YES;
				CLANG_ENABLE_OBJC_ARC = YES;
				CLANG_WARN_BOOL_CONVERSION = YES;
				CLANG_WARN_CONSTANT_CONVERSION = YES;
				CLANG_WARN_DIRECT_OBJC_ISA_USAGE = YES_ERROR;
				CLANG_WARN_EMPTY_BODY = YES;
				CLANG_WARN_ENUM_CONVERSION = YES;
				CLANG_WARN_INT_CONVERSION = YES;
				CLANG_WARN_OBJC_ROOT_CLASS = YES_ERROR;
				CLANG_WARN_UNREACHABLE_CODE = YES;
				CLANG_WARN__DUPLICATE_METHOD_MATCH = YES;
				"CODE_SIGN_IDENTITY[sdk=iphoneos*]" = "iPhone Developer";
				COPY_PHASE_STRIP = NO;
				ENABLE_STRICT_OBJC_MSGSEND = YES;
				GCC_C_LANGUAGE_STANDARD = gnu99;
				GCC_DYNAMIC_NO_PIC = NO;
				GCC_OPTIMIZATION_LEVEL = 0;
				GCC_PREPROCESSOR_DEFINITIONS = (
					"DEBUG=1",
					"$(inherited)",
				);
				GCC_SYMBOLS_PRIVATE_EXTERN = NO;
				GCC_WARN_64_TO_32_BIT_CONVERSION = YES;
				GCC_WARN_ABOUT_RETURN_TYPE = YES_ERROR;
				GCC_WARN_UNDECLARED_SELECTOR = YES;
				GCC_WARN_UNINITIALIZED_AUTOS = YES_AGGRESSIVE;
				GCC_WARN_UNUSED_FUNCTION = YES;
				GCC_WARN_UNUSED_VARIABLE = YES;
				IPHONEOS_DEPLOYMENT_TARGET = 8.2;
				MTL_ENABLE_DEBUG_INFO = YES;
				ONLY_ACTIVE_ARCH = YES;
				SDKROOT = iphoneos;
				TARGETED_DEVICE_FAMILY = "1,2";
			};
			name = Debug;
		};
		0701C0581ABF3441008E75DA /* Release */ = {
			isa = XCBuildConfiguration;
			buildSettings = {
				ALWAYS_SEARCH_USER_PATHS = NO;
				CLANG_CXX_LANGUAGE_STANDARD = "gnu++0x";
				CLANG_CXX_LIBRARY = "libc++";
				CLANG_ENABLE_MODULES = YES;
				CLANG_ENABLE_OBJC_ARC = YES;
				CLANG_WARN_BOOL_CONVERSION = YES;
				CLANG_WARN_CONSTANT_CONVERSION = YES;
				CLANG_WARN_DIRECT_OBJC_ISA_USAGE = YES_ERROR;
				CLANG_WARN_EMPTY_BODY = YES;
				CLANG_WARN_ENUM_CONVERSION = YES;
				CLANG_WARN_INT_CONVERSION = YES;
				CLANG_WARN_OBJC_ROOT_CLASS = YES_ERROR;
				CLANG_WARN_UNREACHABLE_CODE = YES;
				CLANG_WARN__DUPLICATE_METHOD_MATCH = YES;
				"CODE_SIGN_IDENTITY[sdk=iphoneos*]" = "iPhone Developer";
				COPY_PHASE_STRIP = NO;
				ENABLE_NS_ASSERTIONS = NO;
				ENABLE_STRICT_OBJC_MSGSEND = YES;
				GCC_C_LANGUAGE_STANDARD = gnu99;
				GCC_WARN_64_TO_32_BIT_CONVERSION = YES;
				GCC_WARN_ABOUT_RETURN_TYPE = YES_ERROR;
				GCC_WARN_UNDECLARED_SELECTOR = YES;
				GCC_WARN_UNINITIALIZED_AUTOS = YES_AGGRESSIVE;
				GCC_WARN_UNUSED_FUNCTION = YES;
				GCC_WARN_UNUSED_VARIABLE = YES;
				IPHONEOS_DEPLOYMENT_TARGET = 8.2;
				MTL_ENABLE_DEBUG_INFO = NO;
				SDKROOT = iphoneos;
				TARGETED_DEVICE_FAMILY = "1,2";
				VALIDATE_PRODUCT = YES;
			};
			name = Release;
		};
		0701C05A1ABF3441008E75DA /* Debug */ = {
			isa = XCBuildConfiguration;
			buildSettings = {
				ASSETCATALOG_COMPILER_APPICON_NAME = AppIcon;
				FRAMEWORK_SEARCH_PATHS = (
					"$(inherited)",
					"$(PROJECT_DIR)",
				);
				INFOPLIST_FILE = BevoMaps/Info.plist;
				IPHONEOS_DEPLOYMENT_TARGET = 8.2;
				LD_RUNPATH_SEARCH_PATHS = "$(inherited) @executable_path/Frameworks";
				LIBRARY_SEARCH_PATHS = (
					"$(inherited)",
					"$(PROJECT_DIR)",
				);
				PRODUCT_NAME = "$(TARGET_NAME)";
				TARGETED_DEVICE_FAMILY = 1;
			};
			name = Debug;
		};
		0701C05B1ABF3441008E75DA /* Release */ = {
			isa = XCBuildConfiguration;
			buildSettings = {
				ASSETCATALOG_COMPILER_APPICON_NAME = AppIcon;
				FRAMEWORK_SEARCH_PATHS = (
					"$(inherited)",
					"$(PROJECT_DIR)",
				);
				INFOPLIST_FILE = BevoMaps/Info.plist;
				IPHONEOS_DEPLOYMENT_TARGET = 8.2;
				LD_RUNPATH_SEARCH_PATHS = "$(inherited) @executable_path/Frameworks";
				LIBRARY_SEARCH_PATHS = (
					"$(inherited)",
					"$(PROJECT_DIR)",
				);
				PRODUCT_NAME = "$(TARGET_NAME)";
				TARGETED_DEVICE_FAMILY = 1;
			};
			name = Release;
		};
		0701C05D1ABF3441008E75DA /* Debug */ = {
			isa = XCBuildConfiguration;
			buildSettings = {
				BUNDLE_LOADER = "$(TEST_HOST)";
				FRAMEWORK_SEARCH_PATHS = (
					"$(SDKROOT)/Developer/Library/Frameworks",
					"$(inherited)",
				);
				GCC_PREPROCESSOR_DEFINITIONS = (
					"DEBUG=1",
					"$(inherited)",
				);
				INFOPLIST_FILE = BevoMapsTests/Info.plist;
				LD_RUNPATH_SEARCH_PATHS = "$(inherited) @executable_path/Frameworks @loader_path/Frameworks";
				PRODUCT_NAME = "$(TARGET_NAME)";
				TEST_HOST = "$(BUILT_PRODUCTS_DIR)/BevoMaps.app/BevoMaps";
			};
			name = Debug;
		};
		0701C05E1ABF3441008E75DA /* Release */ = {
			isa = XCBuildConfiguration;
			buildSettings = {
				BUNDLE_LOADER = "$(TEST_HOST)";
				FRAMEWORK_SEARCH_PATHS = (
					"$(SDKROOT)/Developer/Library/Frameworks",
					"$(inherited)",
				);
				INFOPLIST_FILE = BevoMapsTests/Info.plist;
				LD_RUNPATH_SEARCH_PATHS = "$(inherited) @executable_path/Frameworks @loader_path/Frameworks";
				PRODUCT_NAME = "$(TARGET_NAME)";
				TEST_HOST = "$(BUILT_PRODUCTS_DIR)/BevoMaps.app/BevoMaps";
			};
			name = Release;
		};
/* End XCBuildConfiguration section */

/* Begin XCConfigurationList section */
		0701C0311ABF3441008E75DA /* Build configuration list for PBXProject "BevoMaps" */ = {
			isa = XCConfigurationList;
			buildConfigurations = (
				0701C0571ABF3441008E75DA /* Debug */,
				0701C0581ABF3441008E75DA /* Release */,
			);
			defaultConfigurationIsVisible = 0;
			defaultConfigurationName = Release;
		};
		0701C0591ABF3441008E75DA /* Build configuration list for PBXNativeTarget "BevoMaps" */ = {
			isa = XCConfigurationList;
			buildConfigurations = (
				0701C05A1ABF3441008E75DA /* Debug */,
				0701C05B1ABF3441008E75DA /* Release */,
			);
			defaultConfigurationIsVisible = 0;
			defaultConfigurationName = Release;
		};
		0701C05C1ABF3441008E75DA /* Build configuration list for PBXNativeTarget "BevoMapsTests" */ = {
			isa = XCConfigurationList;
			buildConfigurations = (
				0701C05D1ABF3441008E75DA /* Debug */,
				0701C05E1ABF3441008E75DA /* Release */,
			);
			defaultConfigurationIsVisible = 0;
			defaultConfigurationName = Release;
		};
/* End XCConfigurationList section */
	};
	rootObject = 0701C02E1ABF3441008E75DA /* Project object */;
}
